
Microsoft Visual Studio Solution File, Format Version 12.00
# Visual Studio Version 17
VisualStudioVersion = 17.8.34511.84
MinimumVisualStudioVersion = 10.0.40219.1
Project("{8BC9CEB8-8B4A-11D0-8D11-00A0C91BC942}") = "prokopenkoirina", "prokopenkoirina.vcxproj", "{14AAA1AA-692D-4F0B-B4F5-59F0EE6F4DE2}"
EndProject
Global
	GlobalSection(SolutionConfigurationPlatforms) = preSolution
		Debug|x64 = Debug|x64
		Debug|x86 = Debug|x86
		Release|x64 = Release|x64
		Release|x86 = Release|x86
	EndGlobalSection
	GlobalSection(ProjectConfigurationPlatforms) = postSolution
		{14AAA1AA-692D-4F0B-B4F5-59F0EE6F4DE2}.Debug|x64.ActiveCfg = Debug|x64
		{14AAA1AA-692D-4F0B-B4F5-59F0EE6F4DE2}.Debug|x64.Build.0 = Debug|x64
		{14AAA1AA-692D-4F0B-B4F5-59F0EE6F4DE2}.Debug|x86.ActiveCfg = Debug|Win32
		{14AAA1AA-692D-4F0B-B4F5-59F0EE6F4DE2}.Debug|x86.Build.0 = Debug|Win32
		{14AAA1AA-692D-4F0B-B4F5-59F0EE6F4DE2}.Release|x64.ActiveCfg = Release|x64
		{14AAA1AA-692D-4F0B-B4F5-59F0EE6F4DE2}.Release|x64.Build.0 = Release|x64
		{14AAA1AA-692D-4F0B-B4F5-59F0EE6F4DE2}.Release|x86.ActiveCfg = Release|Win32
		{14AAA1AA-692D-4F0B-B4F5-59F0EE6F4DE2}.Release|x86.Build.0 = Release|Win32
	EndGlobalSection
	GlobalSection(SolutionProperties) = preSolution
		HideSolutionNode = FALSE
	EndGlobalSection
	GlobalSection(ExtensibilityGlobals) = postSolution
		SolutionGuid = {A318D793-F1B4-44E7-97D5-3D80A0E3111D}
	EndGlobalSection
EndGlobal
